
Microsoft Visual Studio Solution File, Format Version 12.00
# Visual Studio 14
VisualStudioVersion = 14.0.25420.1
MinimumVisualStudioVersion = 10.0.40219.1
Project("{FAE04EC0-301F-11D3-BF4B-00C04F79EFBC}") = "NetrikaTests", "NetrikaTests\NetrikaTests.csproj", "{BC96E191-8B3A-4D2F-ABDD-E2C9DBF10469}"
EndProject
Project("{FAE04EC0-301F-11D3-BF4B-00C04F79EFBC}") = "NetrikaServices", "NetrikaServices\NetrikaServices.csproj", "{9DA76D45-5387-470D-B1A6-F879C86CB092}"
EndProject
Project("{FAE04EC0-301F-11D3-BF4B-00C04F79EFBC}") = "NetrikaConsole", "NetrikaConsole\NetrikaConsole.csproj", "{B00B59B5-F616-41CF-AF83-705764B298AD}"
EndProject
Global
	GlobalSection(SolutionConfigurationPlatforms) = preSolution
		Debug|Any CPU = Debug|Any CPU
		Release|Any CPU = Release|Any CPU
	EndGlobalSection
	GlobalSection(ProjectConfigurationPlatforms) = postSolution
		{BC96E191-8B3A-4D2F-ABDD-E2C9DBF10469}.Debug|Any CPU.ActiveCfg = Debug|Any CPU
		{BC96E191-8B3A-4D2F-ABDD-E2C9DBF10469}.Debug|Any CPU.Build.0 = Debug|Any CPU
		{BC96E191-8B3A-4D2F-ABDD-E2C9DBF10469}.Release|Any CPU.ActiveCfg = Release|Any CPU
		{BC96E191-8B3A-4D2F-ABDD-E2C9DBF10469}.Release|Any CPU.Build.0 = Release|Any CPU
		{9DA76D45-5387-470D-B1A6-F879C86CB092}.Debug|Any CPU.ActiveCfg = Debug|Any CPU
		{9DA76D45-5387-470D-B1A6-F879C86CB092}.Debug|Any CPU.Build.0 = Debug|Any CPU
		{9DA76D45-5387-470D-B1A6-F879C86CB092}.Release|Any CPU.ActiveCfg = Release|Any CPU
		{9DA76D45-5387-470D-B1A6-F879C86CB092}.Release|Any CPU.Build.0 = Release|Any CPU
		{B00B59B5-F616-41CF-AF83-705764B298AD}.Debug|Any CPU.ActiveCfg = Debug|Any CPU
		{B00B59B5-F616-41CF-AF83-705764B298AD}.Debug|Any CPU.Build.0 = Debug|Any CPU
		{B00B59B5-F616-41CF-AF83-705764B298AD}.Release|Any CPU.ActiveCfg = Release|Any CPU
		{B00B59B5-F616-41CF-AF83-705764B298AD}.Release|Any CPU.Build.0 = Release|Any CPU
	EndGlobalSection
	GlobalSection(SolutionProperties) = preSolution
		HideSolutionNode = FALSE
	EndGlobalSection
EndGlobal
